
Microsoft Visual Studio Solution File, Format Version 12.00
# Visual Studio Version 17
VisualStudioVersion = 17.5.33530.505
MinimumVisualStudioVersion = 10.0.40219.1
Project("{FAE04EC0-301F-11D3-BF4B-00C04F79EFBC}") = "WPF.Bomber", "WPF.Bomber.csproj", "{CDA795C5-A914-4E99-A1A7-500980AF3FDB}"
EndProject
Global
	GlobalSection(SolutionConfigurationPlatforms) = preSolution
		Debug|Any CPU = Debug|Any CPU
		Release|Any CPU = Release|Any CPU
	EndGlobalSection
	GlobalSection(ProjectConfigurationPlatforms) = postSolution
		{CDA795C5-A914-4E99-A1A7-500980AF3FDB}.Debug|Any CPU.ActiveCfg = Debug|Any CPU
		{CDA795C5-A914-4E99-A1A7-500980AF3FDB}.Debug|Any CPU.Build.0 = Debug|Any CPU
		{CDA795C5-A914-4E99-A1A7-500980AF3FDB}.Release|Any CPU.ActiveCfg = Release|Any CPU
		{CDA795C5-A914-4E99-A1A7-500980AF3FDB}.Release|Any CPU.Build.0 = Release|Any CPU
	EndGlobalSection
	GlobalSection(SolutionProperties) = preSolution
		HideSolutionNode = FALSE
	EndGlobalSection
	GlobalSection(ExtensibilityGlobals) = postSolution
		SolutionGuid = {EE2BE829-97C2-434F-BE18-F8AE2565BAA8}
	EndGlobalSection
EndGlobal
